
Microsoft Visual Studio Solution File, Format Version 12.00
# Visual Studio Version 16
VisualStudioVersion = 16.0.30804.86
MinimumVisualStudioVersion = 10.0.40219.1
Project("{9A19103F-16F7-4668-BE54-9A1E7A4F7556}") = "Lab.Stackoverflow.WebApplication", "Lab.Stackoverflow.WebApplication\Lab.Stackoverflow.WebApplication.csproj", "{CDA9D2BB-E0ED-4DC7-A134-13941EACAD2C}"
EndProject
Project("{9A19103F-16F7-4668-BE54-9A1E7A4F7556}") = "Lab.ConsoleApp", "Lab.ConsoleApp\Lab.ConsoleApp.csproj", "{9E54B7F4-2FFC-437E-862C-321C870FB465}"
EndProject
Project("{9A19103F-16F7-4668-BE54-9A1E7A4F7556}") = "Lab.Stackoverflow.EfCodeFirst", "..\Lab.Stackoverflow.EfCodeFirst\Lab.Stackoverflow.EfCodeFirst.csproj", "{22D3AB84-A42C-401F-B9CA-5DE58BF112D8}"
EndProject
Project("{9A19103F-16F7-4668-BE54-9A1E7A4F7556}") = "Lab.FluentValidator.WebApp", "Lab.FluentValidator.WebApp\Lab.FluentValidator.WebApp.csproj", "{BB60DA5A-E052-4690-9185-6C01AD1789F3}"
EndProject
Project("{9A19103F-16F7-4668-BE54-9A1E7A4F7556}") = "Lab.GraphDb", "..\Lab.GraphDb\Lab.GraphDb.csproj", "{45DC77C3-52EB-42C3-A6D5-11B11BA5E75E}"
EndProject
Project("{9A19103F-16F7-4668-BE54-9A1E7A4F7556}") = "Lab.UnitTests", "Lab.UnitTests\Lab.UnitTests.csproj", "{8C3C8E49-BB6E-438A-85F2-531CD4F23A17}"
EndProject
Project("{9A19103F-16F7-4668-BE54-9A1E7A4F7556}") = "Lab.Cascading.DropdownList", "Lab.Cascading.DropdownList\Lab.Cascading.DropdownList.csproj", "{AF10C926-B0D3-4CCA-B249-DD7BC972F786}"
EndProject
Project("{9A19103F-16F7-4668-BE54-9A1E7A4F7556}") = "Lab.Cascading.Mvc.DropdownList", "Lab.Cascading.Mvc.DropdownList\Lab.Cascading.Mvc.DropdownList.csproj", "{B46DBF6B-62B1-4D26-947C-CCC16CC7AA53}"
EndProject
Project("{9A19103F-16F7-4668-BE54-9A1E7A4F7556}") = "Lab.AzureKeyVault101", "Lab.AzureKeyVault101\Lab.AzureKeyVault101.csproj", "{48E3D194-9260-4444-A0EA-4370F46D6FCD}"
EndProject
Project("{9A19103F-16F7-4668-BE54-9A1E7A4F7556}") = "Lab.Web101", "Lab.Web101\Lab.Web101.csproj", "{20CAC681-5D80-4690-973C-A124BF3FB361}"
EndProject
Project("{9A19103F-16F7-4668-BE54-9A1E7A4F7556}") = "Lab.Efcore.DatabaseFirst", "Lab.Efcore.DatabaseFirst\Lab.Efcore.DatabaseFirst.csproj", "{FA39AFCD-6996-4828-8DCD-6A26AB457D14}"
EndProject
Project("{9A19103F-16F7-4668-BE54-9A1E7A4F7556}") = "Lab.Linq101", "Lab.Linq101\Lab.Linq101.csproj", "{C2C787C2-0FDB-4C06-9FA9-FD13BCBBDAEE}"
EndProject
Project("{9A19103F-16F7-4668-BE54-9A1E7A4F7556}") = "Lab.Auth.WebApi", "Lab.Auth.WebApi\Lab.Auth.WebApi.csproj", "{6B6CA0A6-B8C5-4B40-9FEC-8103E7F41BD8}"
EndProject
Project("{FAE04EC0-301F-11D3-BF4B-00C04F79EFBC}") = "Lab.Razor.WebApplication", "Lab.Razor.WebApplication\Lab.Razor.WebApplication.csproj", "{DC7A42EF-FF64-47A8-BE80-9947AE21608C}"
EndProject
Global
	GlobalSection(SolutionConfigurationPlatforms) = preSolution
		Debug|Any CPU = Debug|Any CPU
		Release|Any CPU = Release|Any CPU
	EndGlobalSection
	GlobalSection(ProjectConfigurationPlatforms) = postSolution
		{CDA9D2BB-E0ED-4DC7-A134-13941EACAD2C}.Debug|Any CPU.ActiveCfg = Debug|Any CPU
		{CDA9D2BB-E0ED-4DC7-A134-13941EACAD2C}.Debug|Any CPU.Build.0 = Debug|Any CPU
		{CDA9D2BB-E0ED-4DC7-A134-13941EACAD2C}.Release|Any CPU.ActiveCfg = Release|Any CPU
		{CDA9D2BB-E0ED-4DC7-A134-13941EACAD2C}.Release|Any CPU.Build.0 = Release|Any CPU
		{9E54B7F4-2FFC-437E-862C-321C870FB465}.Debug|Any CPU.ActiveCfg = Debug|Any CPU
		{9E54B7F4-2FFC-437E-862C-321C870FB465}.Debug|Any CPU.Build.0 = Debug|Any CPU
		{9E54B7F4-2FFC-437E-862C-321C870FB465}.Release|Any CPU.ActiveCfg = Release|Any CPU
		{9E54B7F4-2FFC-437E-862C-321C870FB465}.Release|Any CPU.Build.0 = Release|Any CPU
		{22D3AB84-A42C-401F-B9CA-5DE58BF112D8}.Debug|Any CPU.ActiveCfg = Debug|Any CPU
		{22D3AB84-A42C-401F-B9CA-5DE58BF112D8}.Debug|Any CPU.Build.0 = Debug|Any CPU
		{22D3AB84-A42C-401F-B9CA-5DE58BF112D8}.Release|Any CPU.ActiveCfg = Release|Any CPU
		{22D3AB84-A42C-401F-B9CA-5DE58BF112D8}.Release|Any CPU.Build.0 = Release|Any CPU
		{BB60DA5A-E052-4690-9185-6C01AD1789F3}.Debug|Any CPU.ActiveCfg = Debug|Any CPU
		{BB60DA5A-E052-4690-9185-6C01AD1789F3}.Debug|Any CPU.Build.0 = Debug|Any CPU
		{BB60DA5A-E052-4690-9185-6C01AD1789F3}.Release|Any CPU.ActiveCfg = Release|Any CPU
		{BB60DA5A-E052-4690-9185-6C01AD1789F3}.Release|Any CPU.Build.0 = Release|Any CPU
		{45DC77C3-52EB-42C3-A6D5-11B11BA5E75E}.Debug|Any CPU.ActiveCfg = Debug|Any CPU
		{45DC77C3-52EB-42C3-A6D5-11B11BA5E75E}.Debug|Any CPU.Build.0 = Debug|Any CPU
		{45DC77C3-52EB-42C3-A6D5-11B11BA5E75E}.Release|Any CPU.ActiveCfg = Release|Any CPU
		{45DC77C3-52EB-42C3-A6D5-11B11BA5E75E}.Release|Any CPU.Build.0 = Release|Any CPU
		{8C3C8E49-BB6E-438A-85F2-531CD4F23A17}.Debug|Any CPU.ActiveCfg = Debug|Any CPU
		{8C3C8E49-BB6E-438A-85F2-531CD4F23A17}.Debug|Any CPU.Build.0 = Debug|Any CPU
		{8C3C8E49-BB6E-438A-85F2-531CD4F23A17}.Release|Any CPU.ActiveCfg = Release|Any CPU
		{8C3C8E49-BB6E-438A-85F2-531CD4F23A17}.Release|Any CPU.Build.0 = Release|Any CPU
		{AF10C926-B0D3-4CCA-B249-DD7BC972F786}.Debug|Any CPU.ActiveCfg = Debug|Any CPU
		{AF10C926-B0D3-4CCA-B249-DD7BC972F786}.Debug|Any CPU.Build.0 = Debug|Any CPU
		{AF10C926-B0D3-4CCA-B249-DD7BC972F786}.Release|Any CPU.ActiveCfg = Release|Any CPU
		{AF10C926-B0D3-4CCA-B249-DD7BC972F786}.Release|Any CPU.Build.0 = Release|Any CPU
		{B46DBF6B-62B1-4D26-947C-CCC16CC7AA53}.Debug|Any CPU.ActiveCfg = Debug|Any CPU
		{B46DBF6B-62B1-4D26-947C-CCC16CC7AA53}.Debug|Any CPU.Build.0 = Debug|Any CPU
		{B46DBF6B-62B1-4D26-947C-CCC16CC7AA53}.Release|Any CPU.ActiveCfg = Release|Any CPU
		{B46DBF6B-62B1-4D26-947C-CCC16CC7AA53}.Release|Any CPU.Build.0 = Release|Any CPU
		{48E3D194-9260-4444-A0EA-4370F46D6FCD}.Debug|Any CPU.ActiveCfg = Debug|Any CPU
		{48E3D194-9260-4444-A0EA-4370F46D6FCD}.Debug|Any CPU.Build.0 = Debug|Any CPU
		{48E3D194-9260-4444-A0EA-4370F46D6FCD}.Release|Any CPU.ActiveCfg = Release|Any CPU
		{48E3D194-9260-4444-A0EA-4370F46D6FCD}.Release|Any CPU.Build.0 = Release|Any CPU
		{20CAC681-5D80-4690-973C-A124BF3FB361}.Debug|Any CPU.ActiveCfg = Debug|Any CPU
		{20CAC681-5D80-4690-973C-A124BF3FB361}.Debug|Any CPU.Build.0 = Debug|Any CPU
		{20CAC681-5D80-4690-973C-A124BF3FB361}.Release|Any CPU.ActiveCfg = Release|Any CPU
		{20CAC681-5D80-4690-973C-A124BF3FB361}.Release|Any CPU.Build.0 = Release|Any CPU
		{FA39AFCD-6996-4828-8DCD-6A26AB457D14}.Debug|Any CPU.ActiveCfg = Debug|Any CPU
		{FA39AFCD-6996-4828-8DCD-6A26AB457D14}.Debug|Any CPU.Build.0 = Debug|Any CPU
		{FA39AFCD-6996-4828-8DCD-6A26AB457D14}.Release|Any CPU.ActiveCfg = Release|Any CPU
		{FA39AFCD-6996-4828-8DCD-6A26AB457D14}.Release|Any CPU.Build.0 = Release|Any CPU
		{C2C787C2-0FDB-4C06-9FA9-FD13BCBBDAEE}.Debug|Any CPU.ActiveCfg = Debug|Any CPU
		{C2C787C2-0FDB-4C06-9FA9-FD13BCBBDAEE}.Debug|Any CPU.Build.0 = Debug|Any CPU
		{C2C787C2-0FDB-4C06-9FA9-FD13BCBBDAEE}.Release|Any CPU.ActiveCfg = Release|Any CPU
		{C2C787C2-0FDB-4C06-9FA9-FD13BCBBDAEE}.Release|Any CPU.Build.0 = Release|Any CPU
		{6B6CA0A6-B8C5-4B40-9FEC-8103E7F41BD8}.Debug|Any CPU.ActiveCfg = Debug|Any CPU
		{6B6CA0A6-B8C5-4B40-9FEC-8103E7F41BD8}.Debug|Any CPU.Build.0 = Debug|Any CPU
		{6B6CA0A6-B8C5-4B40-9FEC-8103E7F41BD8}.Release|Any CPU.ActiveCfg = Release|Any CPU
		{6B6CA0A6-B8C5-4B40-9FEC-8103E7F41BD8}.Release|Any CPU.Build.0 = Release|Any CPU
		{DC7A42EF-FF64-47A8-BE80-9947AE21608C}.Debug|Any CPU.ActiveCfg = Debug|Any CPU
		{DC7A42EF-FF64-47A8-BE80-9947AE21608C}.Debug|Any CPU.Build.0 = Debug|Any CPU
		{DC7A42EF-FF64-47A8-BE80-9947AE21608C}.Release|Any CPU.ActiveCfg = Release|Any CPU
		{DC7A42EF-FF64-47A8-BE80-9947AE21608C}.Release|Any CPU.Build.0 = Release|Any CPU
	EndGlobalSection
	GlobalSection(SolutionProperties) = preSolution
		HideSolutionNode = FALSE
	EndGlobalSection
	GlobalSection(ExtensibilityGlobals) = postSolution
		SolutionGuid = {9054CE7C-12B5-404A-81CD-BC2996CAF402}
	EndGlobalSection
EndGlobal
